// !$*UTF8*$!
{
	archiveVersion = 1;
	classes = {
	};
	objectVersion = 46;
	objects = {

/* Begin PBXBuildFile section */
		CD0D83841C05355C00941734 /* DataServices.swift in Sources */ = {isa = PBXBuildFile; fileRef = CD0D83831C05355C00941734 /* DataServices.swift */; };
		CD541E701C056805003A790C /* Balance.swift in Sources */ = {isa = PBXBuildFile; fileRef = CD541E6F1C056805003A790C /* Balance.swift */; };
		CD541E741C06DCB8003A790C /* MaterialTableCell.swift in Sources */ = {isa = PBXBuildFile; fileRef = CD541E731C06DCB8003A790C /* MaterialTableCell.swift */; };
		CD6CA38D1C041D81003FCC42 /* AppDelegate.swift in Sources */ = {isa = PBXBuildFile; fileRef = CD6CA38C1C041D81003FCC42 /* AppDelegate.swift */; };
		CD6CA38F1C041D81003FCC42 /* IncomeExpenseVC.swift in Sources */ = {isa = PBXBuildFile; fileRef = CD6CA38E1C041D81003FCC42 /* IncomeExpenseVC.swift */; };
		CD6CA3911C041D81003FCC42 /* BalanceVC.swift in Sources */ = {isa = PBXBuildFile; fileRef = CD6CA3901C041D81003FCC42 /* BalanceVC.swift */; };
		CD6CA3941C041D82003FCC42 /* Main.storyboard in Resources */ = {isa = PBXBuildFile; fileRef = CD6CA3921C041D82003FCC42 /* Main.storyboard */; };
		CD6CA3961C041D82003FCC42 /* Assets.xcassets in Resources */ = {isa = PBXBuildFile; fileRef = CD6CA3951C041D82003FCC42 /* Assets.xcassets */; };
		CD6CA3991C041D82003FCC42 /* LaunchScreen.storyboard in Resources */ = {isa = PBXBuildFile; fileRef = CD6CA3971C041D82003FCC42 /* LaunchScreen.storyboard */; };
		CD6CA3A81C04226B003FCC42 /* NotoSans-Bold.ttf in Resources */ = {isa = PBXBuildFile; fileRef = CD6CA3A41C04226B003FCC42 /* NotoSans-Bold.ttf */; };
		CD6CA3A91C04226B003FCC42 /* NotoSans-BoldItalic.ttf in Resources */ = {isa = PBXBuildFile; fileRef = CD6CA3A51C04226B003FCC42 /* NotoSans-BoldItalic.ttf */; };
		CD6CA3AA1C04226B003FCC42 /* NotoSans-Italic.ttf in Resources */ = {isa = PBXBuildFile; fileRef = CD6CA3A61C04226B003FCC42 /* NotoSans-Italic.ttf */; };
		CD6CA3AB1C04226B003FCC42 /* NotoSans-Regular.ttf in Resources */ = {isa = PBXBuildFile; fileRef = CD6CA3A71C04226B003FCC42 /* NotoSans-Regular.ttf */; };
		CD6CA3AD1C0433A0003FCC42 /* MaterialButton.swift in Sources */ = {isa = PBXBuildFile; fileRef = CD6CA3AC1C04339F003FCC42 /* MaterialButton.swift */; };
		CD6CA3B01C04344F003FCC42 /* Constants.swift in Sources */ = {isa = PBXBuildFile; fileRef = CD6CA3AF1C04344E003FCC42 /* Constants.swift */; };
		CDD70F541C043E2B0005720A /* MaterialView.swift in Sources */ = {isa = PBXBuildFile; fileRef = CDD70F531C043E2B0005720A /* MaterialView.swift */; };
		CDD70F561C0446E10005720A /* IncomeExpenseCell.swift in Sources */ = {isa = PBXBuildFile; fileRef = CDD70F551C0446E10005720A /* IncomeExpenseCell.swift */; };
		CDD70F581C0447DB0005720A /* IncomeExpense.swift in Sources */ = {isa = PBXBuildFile; fileRef = CDD70F571C0447DB0005720A /* IncomeExpense.swift */; };
		CDD70F621C044D920005720A /* StartingBalanceVC.swift in Sources */ = {isa = PBXBuildFile; fileRef = CDD70F611C044D920005720A /* StartingBalanceVC.swift */; };
		CDD70F641C0450D90005720A /* IncomeAddVC.swift in Sources */ = {isa = PBXBuildFile; fileRef = CDD70F631C0450D90005720A /* IncomeAddVC.swift */; };
		CDD70F661C0450E70005720A /* ExpenseAddVC.swift in Sources */ = {isa = PBXBuildFile; fileRef = CDD70F651C0450E70005720A /* ExpenseAddVC.swift */; };
/* End PBXBuildFile section */

/* Begin PBXFileReference section */
		CD0D83831C05355C00941734 /* DataServices.swift */ = {isa = PBXFileReference; fileEncoding = 4; lastKnownFileType = sourcecode.swift; path = DataServices.swift; sourceTree = "<group>"; };
		CD541E6F1C056805003A790C /* Balance.swift */ = {isa = PBXFileReference; fileEncoding = 4; lastKnownFileType = sourcecode.swift; path = Balance.swift; sourceTree = "<group>"; };
		CD541E731C06DCB8003A790C /* MaterialTableCell.swift */ = {isa = PBXFileReference; fileEncoding = 4; lastKnownFileType = sourcecode.swift; path = MaterialTableCell.swift; sourceTree = "<group>"; };
		CD6CA3891C041D81003FCC42 /* BankApp.app */ = {isa = PBXFileReference; explicitFileType = wrapper.application; includeInIndex = 0; path = BankApp.app; sourceTree = BUILT_PRODUCTS_DIR; };
		CD6CA38C1C041D81003FCC42 /* AppDelegate.swift */ = {isa = PBXFileReference; lastKnownFileType = sourcecode.swift; path = AppDelegate.swift; sourceTree = "<group>"; };
		CD6CA38E1C041D81003FCC42 /* IncomeExpenseVC.swift */ = {isa = PBXFileReference; lastKnownFileType = sourcecode.swift; path = IncomeExpenseVC.swift; sourceTree = "<group>"; };
		CD6CA3901C041D81003FCC42 /* BalanceVC.swift */ = {isa = PBXFileReference; lastKnownFileType = sourcecode.swift; path = BalanceVC.swift; sourceTree = "<group>"; };
		CD6CA3931C041D82003FCC42 /* Base */ = {isa = PBXFileReference; lastKnownFileType = file.storyboard; name = Base; path = Base.lproj/Main.storyboard; sourceTree = "<group>"; };
		CD6CA3951C041D82003FCC42 /* Assets.xcassets */ = {isa = PBXFileReference; lastKnownFileType = folder.assetcatalog; path = Assets.xcassets; sourceTree = "<group>"; };
		CD6CA3981C041D82003FCC42 /* Base */ = {isa = PBXFileReference; lastKnownFileType = file.storyboard; name = Base; path = Base.lproj/LaunchScreen.storyboard; sourceTree = "<group>"; };
		CD6CA39A1C041D82003FCC42 /* Info.plist */ = {isa = PBXFileReference; lastKnownFileType = text.plist.xml; path = Info.plist; sourceTree = "<group>"; };
		CD6CA3A41C04226B003FCC42 /* NotoSans-Bold.ttf */ = {isa = PBXFileReference; lastKnownFileType = file; path = "NotoSans-Bold.ttf"; sourceTree = "<group>"; };
		CD6CA3A51C04226B003FCC42 /* NotoSans-BoldItalic.ttf */ = {isa = PBXFileReference; lastKnownFileType = file; path = "NotoSans-BoldItalic.ttf"; sourceTree = "<group>"; };
		CD6CA3A61C04226B003FCC42 /* NotoSans-Italic.ttf */ = {isa = PBXFileReference; lastKnownFileType = file; path = "NotoSans-Italic.ttf"; sourceTree = "<group>"; };
		CD6CA3A71C04226B003FCC42 /* NotoSans-Regular.ttf */ = {isa = PBXFileReference; lastKnownFileType = file; path = "NotoSans-Regular.ttf"; sourceTree = "<group>"; };
		CD6CA3AC1C04339F003FCC42 /* MaterialButton.swift */ = {isa = PBXFileReference; fileEncoding = 4; lastKnownFileType = sourcecode.swift; path = MaterialButton.swift; sourceTree = "<group>"; };
		CD6CA3AF1C04344E003FCC42 /* Constants.swift */ = {isa = PBXFileReference; fileEncoding = 4; lastKnownFileType = sourcecode.swift; path = Constants.swift; sourceTree = "<group>"; };
		CDD70F531C043E2B0005720A /* MaterialView.swift */ = {isa = PBXFileReference; fileEncoding = 4; lastKnownFileType = sourcecode.swift; path = MaterialView.swift; sourceTree = "<group>"; };
		CDD70F551C0446E10005720A /* IncomeExpenseCell.swift */ = {isa = PBXFileReference; fileEncoding = 4; lastKnownFileType = sourcecode.swift; path = IncomeExpenseCell.swift; sourceTree = "<group>"; };
		CDD70F571C0447DB0005720A /* IncomeExpense.swift */ = {isa = PBXFileReference; fileEncoding = 4; lastKnownFileType = sourcecode.swift; path = IncomeExpense.swift; sourceTree = "<group>"; };
		CDD70F611C044D920005720A /* StartingBalanceVC.swift */ = {isa = PBXFileReference; fileEncoding = 4; lastKnownFileType = sourcecode.swift; path = StartingBalanceVC.swift; sourceTree = "<group>"; };
		CDD70F631C0450D90005720A /* IncomeAddVC.swift */ = {isa = PBXFileReference; fileEncoding = 4; lastKnownFileType = sourcecode.swift; path = IncomeAddVC.swift; sourceTree = "<group>"; };
		CDD70F651C0450E70005720A /* ExpenseAddVC.swift */ = {isa = PBXFileReference; fileEncoding = 4; lastKnownFileType = sourcecode.swift; path = ExpenseAddVC.swift; sourceTree = "<group>"; };
/* End PBXFileReference section */

/* Begin PBXFrameworksBuildPhase section */
		CD6CA3861C041D81003FCC42 /* Frameworks */ = {
			isa = PBXFrameworksBuildPhase;
			buildActionMask = 2147483647;
			files = (
			);
			runOnlyForDeploymentPostprocessing = 0;
		};
/* End PBXFrameworksBuildPhase section */

/* Begin PBXGroup section */
		CD0D83821C05355000941734 /* Services */ = {
			isa = PBXGroup;
			children = (
				CD0D83831C05355C00941734 /* DataServices.swift */,
			);
			name = Services;
			sourceTree = "<group>";
		};
		CD6CA3801C041D81003FCC42 = {
			isa = PBXGroup;
			children = (
				CD6CA38B1C041D81003FCC42 /* BankApp */,
				CD6CA38A1C041D81003FCC42 /* Products */,
			);
			sourceTree = "<group>";
		};
		CD6CA38A1C041D81003FCC42 /* Products */ = {
			isa = PBXGroup;
			children = (
				CD6CA3891C041D81003FCC42 /* BankApp.app */,
			);
			name = Products;
			sourceTree = "<group>";
		};
		CD6CA38B1C041D81003FCC42 /* BankApp */ = {
			isa = PBXGroup;
			children = (
				CD0D83821C05355000941734 /* Services */,
				CD6CA3AE1C043443003FCC42 /* Utilities */,
				CD6CA3A31C042261003FCC42 /* Resources */,
				CD6CA3A11C042253003FCC42 /* Model */,
				CD6CA3A21C042259003FCC42 /* View */,
				CD6CA3A01C04224C003FCC42 /* Controller */,
				CD6CA38C1C041D81003FCC42 /* AppDelegate.swift */,
				CD6CA3921C041D82003FCC42 /* Main.storyboard */,
				CD6CA3951C041D82003FCC42 /* Assets.xcassets */,
				CD6CA3971C041D82003FCC42 /* LaunchScreen.storyboard */,
				CD6CA39A1C041D82003FCC42 /* Info.plist */,
			);
			path = BankApp;
			sourceTree = "<group>";
		};
		CD6CA3A01C04224C003FCC42 /* Controller */ = {
			isa = PBXGroup;
			children = (
				CD6CA3901C041D81003FCC42 /* BalanceVC.swift */,
				CD6CA38E1C041D81003FCC42 /* IncomeExpenseVC.swift */,
				CDD70F611C044D920005720A /* StartingBalanceVC.swift */,
				CDD70F631C0450D90005720A /* IncomeAddVC.swift */,
				CDD70F651C0450E70005720A /* ExpenseAddVC.swift */,
			);
			name = Controller;
			sourceTree = "<group>";
		};
		CD6CA3A11C042253003FCC42 /* Model */ = {
			isa = PBXGroup;
			children = (
				CDD70F571C0447DB0005720A /* IncomeExpense.swift */,
				CD541E6F1C056805003A790C /* Balance.swift */,
			);
			name = Model;
			sourceTree = "<group>";
		};
		CD6CA3A21C042259003FCC42 /* View */ = {
			isa = PBXGroup;
			children = (
				CDD70F551C0446E10005720A /* IncomeExpenseCell.swift */,
				CD6CA3AC1C04339F003FCC42 /* MaterialButton.swift */,
				CDD70F531C043E2B0005720A /* MaterialView.swift */,
				CD541E731C06DCB8003A790C /* MaterialTableCell.swift */,
			);
			name = View;
			sourceTree = "<group>";
		};
		CD6CA3A31C042261003FCC42 /* Resources */ = {
			isa = PBXGroup;
			children = (
				CD6CA3A41C04226B003FCC42 /* NotoSans-Bold.ttf */,
				CD6CA3A51C04226B003FCC42 /* NotoSans-BoldItalic.ttf */,
				CD6CA3A61C04226B003FCC42 /* NotoSans-Italic.ttf */,
				CD6CA3A71C04226B003FCC42 /* NotoSans-Regular.ttf */,
			);
			name = Resources;
			sourceTree = "<group>";
		};
		CD6CA3AE1C043443003FCC42 /* Utilities */ = {
			isa = PBXGroup;
			children = (
				CD6CA3AF1C04344E003FCC42 /* Constants.swift */,
			);
			name = Utilities;
			sourceTree = "<group>";
		};
/* End PBXGroup section */

/* Begin PBXNativeTarget section */
		CD6CA3881C041D81003FCC42 /* BankApp */ = {
			isa = PBXNativeTarget;
			buildConfigurationList = CD6CA39D1C041D82003FCC42 /* Build configuration list for PBXNativeTarget "BankApp" */;
			buildPhases = (
				CD6CA3851C041D81003FCC42 /* Sources */,
				CD6CA3861C041D81003FCC42 /* Frameworks */,
				CD6CA3871C041D81003FCC42 /* Resources */,
			);
			buildRules = (
			);
			dependencies = (
			);
			name = BankApp;
			productName = BankApp;
			productReference = CD6CA3891C041D81003FCC42 /* BankApp.app */;
			productType = "com.apple.product-type.application";
		};
/* End PBXNativeTarget section */

/* Begin PBXProject section */
		CD6CA3811C041D81003FCC42 /* Project object */ = {
			isa = PBXProject;
			attributes = {
				LastSwiftUpdateCheck = 0710;
				LastUpgradeCheck = 0710;
				ORGANIZATIONNAME = "Patrick Robertson";
				TargetAttributes = {
					CD6CA3881C041D81003FCC42 = {
						CreatedOnToolsVersion = 7.1;
						DevelopmentTeam = Y445TKE5TF;
					};
				};
			};
			buildConfigurationList = CD6CA3841C041D81003FCC42 /* Build configuration list for PBXProject "BankApp" */;
			compatibilityVersion = "Xcode 3.2";
			developmentRegion = English;
			hasScannedForEncodings = 0;
			knownRegions = (
				en,
				Base,
			);
			mainGroup = CD6CA3801C041D81003FCC42;
			productRefGroup = CD6CA38A1C041D81003FCC42 /* Products */;
			projectDirPath = "";
			projectRoot = "";
			targets = (
				CD6CA3881C041D81003FCC42 /* BankApp */,
			);
		};
/* End PBXProject section */

/* Begin PBXResourcesBuildPhase section */
		CD6CA3871C041D81003FCC42 /* Resources */ = {
			isa = PBXResourcesBuildPhase;
			buildActionMask = 2147483647;
			files = (
				CD6CA3A81C04226B003FCC42 /* NotoSans-Bold.ttf in Resources */,
				CD6CA3991C041D82003FCC42 /* LaunchScreen.storyboard in Resources */,
				CD6CA3A91C04226B003FCC42 /* NotoSans-BoldItalic.ttf in Resources */,
				CD6CA3AA1C04226B003FCC42 /* NotoSans-Italic.ttf in Resources */,
				CD6CA3961C041D82003FCC42 /* Assets.xcassets in Resources */,
				CD6CA3941C041D82003FCC42 /* Main.storyboard in Resources */,
				CD6CA3AB1C04226B003FCC42 /* NotoSans-Regular.ttf in Resources */,
			);
			runOnlyForDeploymentPostprocessing = 0;
		};
/* End PBXResourcesBuildPhase section */

/* Begin PBXSourcesBuildPhase section */
		CD6CA3851C041D81003FCC42 /* Sources */ = {
			isa = PBXSourcesBuildPhase;
			buildActionMask = 2147483647;
			files = (
				CD6CA3B01C04344F003FCC42 /* Constants.swift in Sources */,
				CD541E701C056805003A790C /* Balance.swift in Sources */,
				CD0D83841C05355C00941734 /* DataServices.swift in Sources */,
				CDD70F581C0447DB0005720A /* IncomeExpense.swift in Sources */,
				CD541E741C06DCB8003A790C /* MaterialTableCell.swift in Sources */,
				CDD70F561C0446E10005720A /* IncomeExpenseCell.swift in Sources */,
				CD6CA3911C041D81003FCC42 /* BalanceVC.swift in Sources */,
				CDD70F661C0450E70005720A /* ExpenseAddVC.swift in Sources */,
				CDD70F621C044D920005720A /* StartingBalanceVC.swift in Sources */,
				CD6CA38D1C041D81003FCC42 /* AppDelegate.swift in Sources */,
				CDD70F641C0450D90005720A /* IncomeAddVC.swift in Sources */,
				CDD70F541C043E2B0005720A /* MaterialView.swift in Sources */,
				CD6CA38F1C041D81003FCC42 /* IncomeExpenseVC.swift in Sources */,
				CD6CA3AD1C0433A0003FCC42 /* MaterialButton.swift in Sources */,
			);
			runOnlyForDeploymentPostprocessing = 0;
		};
/* End PBXSourcesBuildPhase section */

/* Begin PBXVariantGroup section */
		CD6CA3921C041D82003FCC42 /* Main.storyboard */ = {
			isa = PBXVariantGroup;
			children = (
				CD6CA3931C041D82003FCC42 /* Base */,
			);
			name = Main.storyboard;
			sourceTree = "<group>";
		};
		CD6CA3971C041D82003FCC42 /* LaunchScreen.storyboard */ = {
			isa = PBXVariantGroup;
			children = (
				CD6CA3981C041D82003FCC42 /* Base */,
			);
			name = LaunchScreen.storyboard;
			sourceTree = "<group>";
		};
/* End PBXVariantGroup section */

/* Begin XCBuildConfiguration section */
		CD6CA39B1C041D82003FCC42 /* Debug */ = {
			isa = XCBuildConfiguration;
			buildSettings = {
				ALWAYS_SEARCH_USER_PATHS = NO;
				CLANG_CXX_LANGUAGE_STANDARD = "gnu++0x";
				CLANG_CXX_LIBRARY = "libc++";
				CLANG_ENABLE_MODULES = YES;
				CLANG_ENABLE_OBJC_ARC = YES;
				CLANG_WARN_BOOL_CONVERSION = YES;
				CLANG_WARN_CONSTANT_CONVERSION = YES;
				CLANG_WARN_DIRECT_OBJC_ISA_USAGE = YES_ERROR;
				CLANG_WARN_EMPTY_BODY = YES;
				CLANG_WARN_ENUM_CONVERSION = YES;
				CLANG_WARN_INT_CONVERSION = YES;
				CLANG_WARN_OBJC_ROOT_CLASS = YES_ERROR;
				CLANG_WARN_UNREACHABLE_CODE = YES;
				CLANG_WARN__DUPLICATE_METHOD_MATCH = YES;
				"CODE_SIGN_IDENTITY[sdk=iphoneos*]" = "iPhone Developer";
				COPY_PHASE_STRIP = NO;
				DEBUG_INFORMATION_FORMAT = dwarf;
				ENABLE_STRICT_OBJC_MSGSEND = YES;
				ENABLE_TESTABILITY = YES;
				GCC_C_LANGUAGE_STANDARD = gnu99;
				GCC_DYNAMIC_NO_PIC = NO;
				GCC_NO_COMMON_BLOCKS = YES;
				GCC_OPTIMIZATION_LEVEL = 0;
				GCC_PREPROCESSOR_DEFINITIONS = (
					"DEBUG=1",
					"$(inherited)",
				);
				GCC_WARN_64_TO_32_BIT_CONVERSION = YES;
				GCC_WARN_ABOUT_RETURN_TYPE = YES_ERROR;
				GCC_WARN_UNDECLARED_SELECTOR = YES;
				GCC_WARN_UNINITIALIZED_AUTOS = YES_AGGRESSIVE;
				GCC_WARN_UNUSED_FUNCTION = YES;
				GCC_WARN_UNUSED_VARIABLE = YES;
				IPHONEOS_DEPLOYMENT_TARGET = 9.1;
				MTL_ENABLE_DEBUG_INFO = YES;
				ONLY_ACTIVE_ARCH = YES;
				SDKROOT = iphoneos;
				SWIFT_OPTIMIZATION_LEVEL = "-Onone";
				TARGETED_DEVICE_FAMILY = "1,2";
			};
			name = Debug;
		};
		CD6CA39C1C041D82003FCC42 /* Release */ = {
			isa = XCBuildConfiguration;
			buildSettings = {
				ALWAYS_SEARCH_USER_PATHS = NO;
				CLANG_CXX_LANGUAGE_STANDARD = "gnu++0x";
				CLANG_CXX_LIBRARY = "libc++";
				CLANG_ENABLE_MODULES = YES;
				CLANG_ENABLE_OBJC_ARC = YES;
				CLANG_WARN_BOOL_CONVERSION = YES;
				CLANG_WARN_CONSTANT_CONVERSION = YES;
				CLANG_WARN_DIRECT_OBJC_ISA_USAGE = YES_ERROR;
				CLANG_WARN_EMPTY_BODY = YES;
				CLANG_WARN_ENUM_CONVERSION = YES;
				CLANG_WARN_INT_CONVERSION = YES;
				CLANG_WARN_OBJC_ROOT_CLASS = YES_ERROR;
				CLANG_WARN_UNREACHABLE_CODE = YES;
				CLANG_WARN__DUPLICATE_METHOD_MATCH = YES;
				"CODE_SIGN_IDENTITY[sdk=iphoneos*]" = "iPhone Developer";
				COPY_PHASE_STRIP = NO;
				DEBUG_INFORMATION_FORMAT = "dwarf-with-dsym";
				ENABLE_NS_ASSERTIONS = NO;
				ENABLE_STRICT_OBJC_MSGSEND = YES;
				GCC_C_LANGUAGE_STANDARD = gnu99;
				GCC_NO_COMMON_BLOCKS = YES;
				GCC_WARN_64_TO_32_BIT_CONVERSION = YES;
				GCC_WARN_ABOUT_RETURN_TYPE = YES_ERROR;
				GCC_WARN_UNDECLARED_SELECTOR = YES;
				GCC_WARN_UNINITIALIZED_AUTOS = YES_AGGRESSIVE;
				GCC_WARN_UNUSED_FUNCTION = YES;
				GCC_WARN_UNUSED_VARIABLE = YES;
				IPHONEOS_DEPLOYMENT_TARGET = 9.1;
				MTL_ENABLE_DEBUG_INFO = NO;
				SDKROOT = iphoneos;
				TARGETED_DEVICE_FAMILY = "1,2";
				VALIDATE_PRODUCT = YES;
			};
			name = Release;
		};
		CD6CA39E1C041D82003FCC42 /* Debug */ = {
			isa = XCBuildConfiguration;
			buildSettings = {
				ASSETCATALOG_COMPILER_APPICON_NAME = AppIcon;
				INFOPLIST_FILE = BankApp/Info.plist;
				LD_RUNPATH_SEARCH_PATHS = "$(inherited) @executable_path/Frameworks";
				PRODUCT_BUNDLE_IDENTIFIER = com.probertson.BankApp;
				PRODUCT_NAME = "$(TARGET_NAME)";
			};
			name = Debug;
		};
		CD6CA39F1C041D82003FCC42 /* Release */ = {
			isa = XCBuildConfiguration;
			buildSettings = {
				ASSETCATALOG_COMPILER_APPICON_NAME = AppIcon;
				INFOPLIST_FILE = BankApp/Info.plist;
				LD_RUNPATH_SEARCH_PATHS = "$(inherited) @executable_path/Frameworks";
				PRODUCT_BUNDLE_IDENTIFIER = com.probertson.BankApp;
				PRODUCT_NAME = "$(TARGET_NAME)";
			};
			name = Release;
		};
/* End XCBuildConfiguration section */

/* Begin XCConfigurationList section */
		CD6CA3841C041D81003FCC42 /* Build configuration list for PBXProject "BankApp" */ = {
			isa = XCConfigurationList;
			buildConfigurations = (
				CD6CA39B1C041D82003FCC42 /* Debug */,
				CD6CA39C1C041D82003FCC42 /* Release */,
			);
			defaultConfigurationIsVisible = 0;
			defaultConfigurationName = Release;
		};
		CD6CA39D1C041D82003FCC42 /* Build configuration list for PBXNativeTarget "BankApp" */ = {
			isa = XCConfigurationList;
			buildConfigurations = (
				CD6CA39E1C041D82003FCC42 /* Debug */,
				CD6CA39F1C041D82003FCC42 /* Release */,
			);
			defaultConfigurationIsVisible = 0;
			defaultConfigurationName = Release;
		};
/* End XCConfigurationList section */
	};
	rootObject = CD6CA3811C041D81003FCC42 /* Project object */;
}
